// !$*UTF8*$!
{
	archiveVersion = 1;
	classes = {
	};
	objectVersion = 56;
	objects = {

/* Begin PBXBuildFile section */
		59A70B5A28F293BE00704C7B /* BruinDiningApp.swift in Sources */ = {isa = PBXBuildFile; fileRef = 59A70B5928F293BE00704C7B /* BruinDiningApp.swift */; };
		59A70B5C28F293BE00704C7B /* ContentView.swift in Sources */ = {isa = PBXBuildFile; fileRef = 59A70B5B28F293BE00704C7B /* ContentView.swift */; };
		59A70B5E28F293BE00704C7B /* Assets.xcassets in Resources */ = {isa = PBXBuildFile; fileRef = 59A70B5D28F293BE00704C7B /* Assets.xcassets */; };
		59A70BB128F3886A00704C7B /* DataManager.swift in Sources */ = {isa = PBXBuildFile; fileRef = 59A70BB028F3886A00704C7B /* DataManager.swift */; };
		59A70BB428F3896400704C7B /* SwiftSoup in Frameworks */ = {isa = PBXBuildFile; productRef = 59A70BB328F3896400704C7B /* SwiftSoup */; };
		59DAB2B7296B80BD00744558 /* Objects.swift in Sources */ = {isa = PBXBuildFile; fileRef = 59DAB2B6296B80BD00744558 /* Objects.swift */; };
		59DAB2BA296B818E00744558 /* Global Constants.swift in Sources */ = {isa = PBXBuildFile; fileRef = 59DAB2B9296B818E00744558 /* Global Constants.swift */; };
		59DAB30D2973920E00744558 /* WidgetKit.framework in Frameworks */ = {isa = PBXBuildFile; fileRef = 59A70B8928F2940500704C7B /* WidgetKit.framework */; };
		59DAB30E2973920E00744558 /* SwiftUI.framework in Frameworks */ = {isa = PBXBuildFile; fileRef = 59A70B8B28F2940500704C7B /* SwiftUI.framework */; };
		59DAB3112973920E00744558 /* BruinDining_Widget.swift in Sources */ = {isa = PBXBuildFile; fileRef = 59DAB3102973920E00744558 /* BruinDining_Widget.swift */; };
		59DAB3142973920F00744558 /* Assets.xcassets in Resources */ = {isa = PBXBuildFile; fileRef = 59DAB3132973920F00744558 /* Assets.xcassets */; };
		59DAB3162973920F00744558 /* BruinDining_Widget.intentdefinition in Sources */ = {isa = PBXBuildFile; fileRef = 59DAB3122973920E00744558 /* BruinDining_Widget.intentdefinition */; };
		59DAB3172973920F00744558 /* BruinDining_Widget.intentdefinition in Sources */ = {isa = PBXBuildFile; fileRef = 59DAB3122973920E00744558 /* BruinDining_Widget.intentdefinition */; };
		59DAB31A2973920F00744558 /* BruinDining_WidgetExtension.appex in Embed Foundation Extensions */ = {isa = PBXBuildFile; fileRef = 59DAB30C2973920E00744558 /* BruinDining_WidgetExtension.appex */; settings = {ATTRIBUTES = (RemoveHeadersOnCopy, ); }; };
		59DAB31E297392AE00744558 /* Objects.swift in Sources */ = {isa = PBXBuildFile; fileRef = 59DAB2B6296B80BD00744558 /* Objects.swift */; };
		59DAB31F297392B200744558 /* Global Constants.swift in Sources */ = {isa = PBXBuildFile; fileRef = 59DAB2B9296B818E00744558 /* Global Constants.swift */; };
		59DAB3212973939F00744558 /* DataManager.swift in Sources */ = {isa = PBXBuildFile; fileRef = 59A70BB028F3886A00704C7B /* DataManager.swift */; };
		59DAB323297393C900744558 /* SwiftSoup in Frameworks */ = {isa = PBXBuildFile; productRef = 59DAB322297393C900744558 /* SwiftSoup */; };
		59DD23642931E9DA001760F4 /* Launch Screen.storyboard in Resources */ = {isa = PBXBuildFile; fileRef = 59DD23632931E9DA001760F4 /* Launch Screen.storyboard */; };
/* End PBXBuildFile section */

/* Begin PBXContainerItemProxy section */
		59DAB3182973920F00744558 /* PBXContainerItemProxy */ = {
			isa = PBXContainerItemProxy;
			containerPortal = 59A70B4E28F293BE00704C7B /* Project object */;
			proxyType = 1;
			remoteGlobalIDString = 59DAB30B2973920E00744558;
			remoteInfo = BruinDining_WidgetExtension;
		};
/* End PBXContainerItemProxy section */

/* Begin PBXCopyFilesBuildPhase section */
		59A70B9C28F2940700704C7B /* Embed Foundation Extensions */ = {
			isa = PBXCopyFilesBuildPhase;
			buildActionMask = 2147483647;
			dstPath = "";
			dstSubfolderSpec = 13;
			files = (
				59DAB31A2973920F00744558 /* BruinDining_WidgetExtension.appex in Embed Foundation Extensions */,
			);
			name = "Embed Foundation Extensions";
			runOnlyForDeploymentPostprocessing = 0;
		};
/* End PBXCopyFilesBuildPhase section */

/* Begin PBXFileReference section */
		59A70B5628F293BE00704C7B /* Bruin Dining.app */ = {isa = PBXFileReference; explicitFileType = wrapper.application; includeInIndex = 0; path = "Bruin Dining.app"; sourceTree = BUILT_PRODUCTS_DIR; };
		59A70B5928F293BE00704C7B /* BruinDiningApp.swift */ = {isa = PBXFileReference; lastKnownFileType = sourcecode.swift; path = BruinDiningApp.swift; sourceTree = "<group>"; };
		59A70B5B28F293BE00704C7B /* ContentView.swift */ = {isa = PBXFileReference; lastKnownFileType = sourcecode.swift; path = ContentView.swift; sourceTree = "<group>"; };
		59A70B5D28F293BE00704C7B /* Assets.xcassets */ = {isa = PBXFileReference; lastKnownFileType = folder.assetcatalog; path = Assets.xcassets; sourceTree = "<group>"; };
		59A70B8928F2940500704C7B /* WidgetKit.framework */ = {isa = PBXFileReference; lastKnownFileType = wrapper.framework; name = WidgetKit.framework; path = System/Library/Frameworks/WidgetKit.framework; sourceTree = SDKROOT; };
		59A70B8B28F2940500704C7B /* SwiftUI.framework */ = {isa = PBXFileReference; lastKnownFileType = wrapper.framework; name = SwiftUI.framework; path = System/Library/Frameworks/SwiftUI.framework; sourceTree = SDKROOT; };
		59A70BB028F3886A00704C7B /* DataManager.swift */ = {isa = PBXFileReference; lastKnownFileType = sourcecode.swift; path = DataManager.swift; sourceTree = "<group>"; };
		59DAB2B6296B80BD00744558 /* Objects.swift */ = {isa = PBXFileReference; lastKnownFileType = sourcecode.swift; path = Objects.swift; sourceTree = "<group>"; };
		59DAB2B9296B818E00744558 /* Global Constants.swift */ = {isa = PBXFileReference; lastKnownFileType = sourcecode.swift; path = "Global Constants.swift"; sourceTree = "<group>"; };
		59DAB30C2973920E00744558 /* BruinDining_WidgetExtension.appex */ = {isa = PBXFileReference; explicitFileType = "wrapper.app-extension"; includeInIndex = 0; path = BruinDining_WidgetExtension.appex; sourceTree = BUILT_PRODUCTS_DIR; };
		59DAB3102973920E00744558 /* BruinDining_Widget.swift */ = {isa = PBXFileReference; lastKnownFileType = sourcecode.swift; path = BruinDining_Widget.swift; sourceTree = "<group>"; };
		59DAB3122973920E00744558 /* BruinDining_Widget.intentdefinition */ = {isa = PBXFileReference; lastKnownFileType = file.intentdefinition; path = BruinDining_Widget.intentdefinition; sourceTree = "<group>"; };
		59DAB3132973920F00744558 /* Assets.xcassets */ = {isa = PBXFileReference; lastKnownFileType = folder.assetcatalog; path = Assets.xcassets; sourceTree = "<group>"; };
		59DAB3152973920F00744558 /* Info.plist */ = {isa = PBXFileReference; lastKnownFileType = text.plist.xml; path = Info.plist; sourceTree = "<group>"; };
		59DD23632931E9DA001760F4 /* Launch Screen.storyboard */ = {isa = PBXFileReference; lastKnownFileType = file.storyboard; path = "Launch Screen.storyboard"; sourceTree = "<group>"; };
		59DD23652932E276001760F4 /* BruinDining-Info.plist */ = {isa = PBXFileReference; lastKnownFileType = text.plist.xml; path = "BruinDining-Info.plist"; sourceTree = SOURCE_ROOT; };
/* End PBXFileReference section */

/* Begin PBXFrameworksBuildPhase section */
		59A70B5328F293BE00704C7B /* Frameworks */ = {
			isa = PBXFrameworksBuildPhase;
			buildActionMask = 2147483647;
			files = (
				59A70BB428F3896400704C7B /* SwiftSoup in Frameworks */,
			);
			runOnlyForDeploymentPostprocessing = 0;
		};
		59DAB3092973920E00744558 /* Frameworks */ = {
			isa = PBXFrameworksBuildPhase;
			buildActionMask = 2147483647;
			files = (
				59DAB30E2973920E00744558 /* SwiftUI.framework in Frameworks */,
				59DAB30D2973920E00744558 /* WidgetKit.framework in Frameworks */,
				59DAB323297393C900744558 /* SwiftSoup in Frameworks */,
			);
			runOnlyForDeploymentPostprocessing = 0;
		};
/* End PBXFrameworksBuildPhase section */

/* Begin PBXGroup section */
		59A70B4D28F293BE00704C7B = {
			isa = PBXGroup;
			children = (
				59DAB2B9296B818E00744558 /* Global Constants.swift */,
				59DAB2B6296B80BD00744558 /* Objects.swift */,
				59A70BB028F3886A00704C7B /* DataManager.swift */,
				59A70B5828F293BE00704C7B /* Bruin Dining */,
				59DAB30F2973920E00744558 /* BruinDining_Widget */,
				59A70B8828F2940500704C7B /* Frameworks */,
				59A70B5728F293BE00704C7B /* Products */,
			);
			sourceTree = "<group>";
		};
		59A70B5728F293BE00704C7B /* Products */ = {
			isa = PBXGroup;
			children = (
				59A70B5628F293BE00704C7B /* Bruin Dining.app */,
				59DAB30C2973920E00744558 /* BruinDining_WidgetExtension.appex */,
			);
			name = Products;
			sourceTree = "<group>";
		};
		59A70B5828F293BE00704C7B /* Bruin Dining */ = {
			isa = PBXGroup;
			children = (
				59DD23652932E276001760F4 /* BruinDining-Info.plist */,
				59A70B5928F293BE00704C7B /* BruinDiningApp.swift */,
				59A70B5B28F293BE00704C7B /* ContentView.swift */,
				59DD23632931E9DA001760F4 /* Launch Screen.storyboard */,
				59A70B5D28F293BE00704C7B /* Assets.xcassets */,
			);
			path = "Bruin Dining";
			sourceTree = "<group>";
		};
		59A70B8828F2940500704C7B /* Frameworks */ = {
			isa = PBXGroup;
			children = (
				59A70B8928F2940500704C7B /* WidgetKit.framework */,
				59A70B8B28F2940500704C7B /* SwiftUI.framework */,
			);
			name = Frameworks;
			sourceTree = "<group>";
		};
		59DAB30F2973920E00744558 /* BruinDining_Widget */ = {
			isa = PBXGroup;
			children = (
				59DAB3102973920E00744558 /* BruinDining_Widget.swift */,
				59DAB3122973920E00744558 /* BruinDining_Widget.intentdefinition */,
				59DAB3132973920F00744558 /* Assets.xcassets */,
				59DAB3152973920F00744558 /* Info.plist */,
			);
			path = BruinDining_Widget;
			sourceTree = "<group>";
		};
/* End PBXGroup section */

/* Begin PBXNativeTarget section */
		59A70B5528F293BE00704C7B /* Bruin Dining */ = {
			isa = PBXNativeTarget;
			buildConfigurationList = 59A70B7A28F293BF00704C7B /* Build configuration list for PBXNativeTarget "Bruin Dining" */;
			buildPhases = (
				59A70B5228F293BE00704C7B /* Sources */,
				59A70B5328F293BE00704C7B /* Frameworks */,
				59A70B5428F293BE00704C7B /* Resources */,
				59A70B9C28F2940700704C7B /* Embed Foundation Extensions */,
			);
			buildRules = (
			);
			dependencies = (
				59DAB3192973920F00744558 /* PBXTargetDependency */,
			);
			name = "Bruin Dining";
			packageProductDependencies = (
				59A70BB328F3896400704C7B /* SwiftSoup */,
			);
			productName = "Bruin Dining";
			productReference = 59A70B5628F293BE00704C7B /* Bruin Dining.app */;
			productType = "com.apple.product-type.application";
		};
		59DAB30B2973920E00744558 /* BruinDining_WidgetExtension */ = {
			isa = PBXNativeTarget;
			buildConfigurationList = 59DAB31B2973920F00744558 /* Build configuration list for PBXNativeTarget "BruinDining_WidgetExtension" */;
			buildPhases = (
				59DAB3082973920E00744558 /* Sources */,
				59DAB3092973920E00744558 /* Frameworks */,
				59DAB30A2973920E00744558 /* Resources */,
			);
			buildRules = (
			);
			dependencies = (
			);
			name = BruinDining_WidgetExtension;
			packageProductDependencies = (
				59DAB322297393C900744558 /* SwiftSoup */,
			);
			productName = BruinDining_WidgetExtension;
			productReference = 59DAB30C2973920E00744558 /* BruinDining_WidgetExtension.appex */;
			productType = "com.apple.product-type.app-extension";
		};
/* End PBXNativeTarget section */

/* Begin PBXProject section */
		59A70B4E28F293BE00704C7B /* Project object */ = {
			isa = PBXProject;
			attributes = {
				BuildIndependentTargetsInParallel = 1;
				LastSwiftUpdateCheck = 1400;
				LastUpgradeCheck = 1400;
				TargetAttributes = {
					59A70B5528F293BE00704C7B = {
						CreatedOnToolsVersion = 14.0;
					};
					59DAB30B2973920E00744558 = {
						CreatedOnToolsVersion = 14.0;
					};
				};
			};
			buildConfigurationList = 59A70B5128F293BE00704C7B /* Build configuration list for PBXProject "Bruin Dining" */;
			compatibilityVersion = "Xcode 14.0";
			developmentRegion = en;
			hasScannedForEncodings = 0;
			knownRegions = (
				en,
				Base,
			);
			mainGroup = 59A70B4D28F293BE00704C7B;
			packageReferences = (
				59A70BB228F3896400704C7B /* XCRemoteSwiftPackageReference "SwiftSoup" */,
			);
			productRefGroup = 59A70B5728F293BE00704C7B /* Products */;
			projectDirPath = "";
			projectRoot = "";
			targets = (
				59A70B5528F293BE00704C7B /* Bruin Dining */,
				59DAB30B2973920E00744558 /* BruinDining_WidgetExtension */,
			);
		};
/* End PBXProject section */

/* Begin PBXResourcesBuildPhase section */
		59A70B5428F293BE00704C7B /* Resources */ = {
			isa = PBXResourcesBuildPhase;
			buildActionMask = 2147483647;
			files = (
				59DD23642931E9DA001760F4 /* Launch Screen.storyboard in Resources */,
				59A70B5E28F293BE00704C7B /* Assets.xcassets in Resources */,
			);
			runOnlyForDeploymentPostprocessing = 0;
		};
		59DAB30A2973920E00744558 /* Resources */ = {
			isa = PBXResourcesBuildPhase;
			buildActionMask = 2147483647;
			files = (
				59DAB3142973920F00744558 /* Assets.xcassets in Resources */,
			);
			runOnlyForDeploymentPostprocessing = 0;
		};
/* End PBXResourcesBuildPhase section */

/* Begin PBXSourcesBuildPhase section */
		59A70B5228F293BE00704C7B /* Sources */ = {
			isa = PBXSourcesBuildPhase;
			buildActionMask = 2147483647;
			files = (
				59A70B5C28F293BE00704C7B /* ContentView.swift in Sources */,
				59DAB2B7296B80BD00744558 /* Objects.swift in Sources */,
				59A70BB128F3886A00704C7B /* DataManager.swift in Sources */,
				59A70B5A28F293BE00704C7B /* BruinDiningApp.swift in Sources */,
				59DAB3172973920F00744558 /* BruinDining_Widget.intentdefinition in Sources */,
				59DAB2BA296B818E00744558 /* Global Constants.swift in Sources */,
			);
			runOnlyForDeploymentPostprocessing = 0;
		};
		59DAB3082973920E00744558 /* Sources */ = {
			isa = PBXSourcesBuildPhase;
			buildActionMask = 2147483647;
			files = (
				59DAB3162973920F00744558 /* BruinDining_Widget.intentdefinition in Sources */,
				59DAB3212973939F00744558 /* DataManager.swift in Sources */,
				59DAB31E297392AE00744558 /* Objects.swift in Sources */,
				59DAB3112973920E00744558 /* BruinDining_Widget.swift in Sources */,
				59DAB31F297392B200744558 /* Global Constants.swift in Sources */,
			);
			runOnlyForDeploymentPostprocessing = 0;
		};
/* End PBXSourcesBuildPhase section */

/* Begin PBXTargetDependency section */
		59DAB3192973920F00744558 /* PBXTargetDependency */ = {
			isa = PBXTargetDependency;
			target = 59DAB30B2973920E00744558 /* BruinDining_WidgetExtension */;
			targetProxy = 59DAB3182973920F00744558 /* PBXContainerItemProxy */;
		};
/* End PBXTargetDependency section */

/* Begin XCBuildConfiguration section */
		59A70B7828F293BF00704C7B /* Debug */ = {
			isa = XCBuildConfiguration;
			buildSettings = {
				ALWAYS_SEARCH_USER_PATHS = NO;
				CLANG_ANALYZER_NONNULL = YES;
				CLANG_ANALYZER_NUMBER_OBJECT_CONVERSION = YES_AGGRESSIVE;
				CLANG_CXX_LANGUAGE_STANDARD = "gnu++20";
				CLANG_ENABLE_MODULES = YES;
				CLANG_ENABLE_OBJC_ARC = YES;
				CLANG_ENABLE_OBJC_WEAK = YES;
				CLANG_WARN_BLOCK_CAPTURE_AUTORELEASING = YES;
				CLANG_WARN_BOOL_CONVERSION = YES;
				CLANG_WARN_COMMA = YES;
				CLANG_WARN_CONSTANT_CONVERSION = YES;
				CLANG_WARN_DEPRECATED_OBJC_IMPLEMENTATIONS = YES;
				CLANG_WARN_DIRECT_OBJC_ISA_USAGE = YES_ERROR;
				CLANG_WARN_DOCUMENTATION_COMMENTS = YES;
				CLANG_WARN_EMPTY_BODY = YES;
				CLANG_WARN_ENUM_CONVERSION = YES;
				CLANG_WARN_INFINITE_RECURSION = YES;
				CLANG_WARN_INT_CONVERSION = YES;
				CLANG_WARN_NON_LITERAL_NULL_CONVERSION = YES;
				CLANG_WARN_OBJC_IMPLICIT_RETAIN_SELF = YES;
				CLANG_WARN_OBJC_LITERAL_CONVERSION = YES;
				CLANG_WARN_OBJC_ROOT_CLASS = YES_ERROR;
				CLANG_WARN_QUOTED_INCLUDE_IN_FRAMEWORK_HEADER = YES;
				CLANG_WARN_RANGE_LOOP_ANALYSIS = YES;
				CLANG_WARN_STRICT_PROTOTYPES = YES;
				CLANG_WARN_SUSPICIOUS_MOVE = YES;
				CLANG_WARN_UNGUARDED_AVAILABILITY = YES_AGGRESSIVE;
				CLANG_WARN_UNREACHABLE_CODE = YES;
				CLANG_WARN__DUPLICATE_METHOD_MATCH = YES;
				COPY_PHASE_STRIP = NO;
				DEBUG_INFORMATION_FORMAT = dwarf;
				ENABLE_STRICT_OBJC_MSGSEND = YES;
				ENABLE_TESTABILITY = YES;
				GCC_C_LANGUAGE_STANDARD = gnu11;
				GCC_DYNAMIC_NO_PIC = NO;
				GCC_NO_COMMON_BLOCKS = YES;
				GCC_OPTIMIZATION_LEVEL = 0;
				GCC_PREPROCESSOR_DEFINITIONS = (
					"DEBUG=1",
					"$(inherited)",
				);
				GCC_WARN_64_TO_32_BIT_CONVERSION = YES;
				GCC_WARN_ABOUT_RETURN_TYPE = YES_ERROR;
				GCC_WARN_UNDECLARED_SELECTOR = YES;
				GCC_WARN_UNINITIALIZED_AUTOS = YES_AGGRESSIVE;
				GCC_WARN_UNUSED_FUNCTION = YES;
				GCC_WARN_UNUSED_VARIABLE = YES;
				IPHONEOS_DEPLOYMENT_TARGET = 15.0;
				MTL_ENABLE_DEBUG_INFO = INCLUDE_SOURCE;
				MTL_FAST_MATH = YES;
				ONLY_ACTIVE_ARCH = YES;
				SDKROOT = iphoneos;
				SWIFT_ACTIVE_COMPILATION_CONDITIONS = DEBUG;
				SWIFT_OPTIMIZATION_LEVEL = "-Onone";
			};
			name = Debug;
		};
		59A70B7928F293BF00704C7B /* Release */ = {
			isa = XCBuildConfiguration;
			buildSettings = {
				ALWAYS_SEARCH_USER_PATHS = NO;
				CLANG_ANALYZER_NONNULL = YES;
				CLANG_ANALYZER_NUMBER_OBJECT_CONVERSION = YES_AGGRESSIVE;
				CLANG_CXX_LANGUAGE_STANDARD = "gnu++20";
				CLANG_ENABLE_MODULES = YES;
				CLANG_ENABLE_OBJC_ARC = YES;
				CLANG_ENABLE_OBJC_WEAK = YES;
				CLANG_WARN_BLOCK_CAPTURE_AUTORELEASING = YES;
				CLANG_WARN_BOOL_CONVERSION = YES;
				CLANG_WARN_COMMA = YES;
				CLANG_WARN_CONSTANT_CONVERSION = YES;
				CLANG_WARN_DEPRECATED_OBJC_IMPLEMENTATIONS = YES;
				CLANG_WARN_DIRECT_OBJC_ISA_USAGE = YES_ERROR;
				CLANG_WARN_DOCUMENTATION_COMMENTS = YES;
				CLANG_WARN_EMPTY_BODY = YES;
				CLANG_WARN_ENUM_CONVERSION = YES;
				CLANG_WARN_INFINITE_RECURSION = YES;
				CLANG_WARN_INT_CONVERSION = YES;
				CLANG_WARN_NON_LITERAL_NULL_CONVERSION = YES;
				CLANG_WARN_OBJC_IMPLICIT_RETAIN_SELF = YES;
				CLANG_WARN_OBJC_LITERAL_CONVERSION = YES;
				CLANG_WARN_OBJC_ROOT_CLASS = YES_ERROR;
				CLANG_WARN_QUOTED_INCLUDE_IN_FRAMEWORK_HEADER = YES;
				CLANG_WARN_RANGE_LOOP_ANALYSIS = YES;
				CLANG_WARN_STRICT_PROTOTYPES = YES;
				CLANG_WARN_SUSPICIOUS_MOVE = YES;
				CLANG_WARN_UNGUARDED_AVAILABILITY = YES_AGGRESSIVE;
				CLANG_WARN_UNREACHABLE_CODE = YES;
				CLANG_WARN__DUPLICATE_METHOD_MATCH = YES;
				COPY_PHASE_STRIP = NO;
				DEBUG_INFORMATION_FORMAT = "dwarf-with-dsym";
				ENABLE_NS_ASSERTIONS = NO;
				ENABLE_STRICT_OBJC_MSGSEND = YES;
				GCC_C_LANGUAGE_STANDARD = gnu11;
				GCC_NO_COMMON_BLOCKS = YES;
				GCC_WARN_64_TO_32_BIT_CONVERSION = YES;
				GCC_WARN_ABOUT_RETURN_TYPE = YES_ERROR;
				GCC_WARN_UNDECLARED_SELECTOR = YES;
				GCC_WARN_UNINITIALIZED_AUTOS = YES_AGGRESSIVE;
				GCC_WARN_UNUSED_FUNCTION = YES;
				GCC_WARN_UNUSED_VARIABLE = YES;
				IPHONEOS_DEPLOYMENT_TARGET = 15.0;
				MTL_ENABLE_DEBUG_INFO = NO;
				MTL_FAST_MATH = YES;
				SDKROOT = iphoneos;
				SWIFT_COMPILATION_MODE = wholemodule;
				SWIFT_OPTIMIZATION_LEVEL = "-O";
				VALIDATE_PRODUCT = YES;
			};
			name = Release;
		};
		59A70B7B28F293BF00704C7B /* Debug */ = {
			isa = XCBuildConfiguration;
			buildSettings = {
				ALWAYS_EMBED_SWIFT_STANDARD_LIBRARIES = YES;
				ASSETCATALOG_COMPILER_APPICON_NAME = AppIcon;
				ASSETCATALOG_COMPILER_GLOBAL_ACCENT_COLOR_NAME = AccentColor;
				CODE_SIGN_STYLE = Automatic;
				CURRENT_PROJECT_VERSION = 4;
				DEVELOPMENT_ASSET_PATHS = "";
				DEVELOPMENT_TEAM = 4GT2K6EMKF;
				ENABLE_PREVIEWS = YES;
				GENERATE_INFOPLIST_FILE = YES;
				INFOPLIST_FILE = "Bruin-Dining-Info.plist";
				INFOPLIST_KEY_CFBundleDisplayName = BruinDining;
				INFOPLIST_KEY_UIApplicationSceneManifest_Generation = YES;
				INFOPLIST_KEY_UIApplicationSupportsIndirectInputEvents = YES;
				INFOPLIST_KEY_UILaunchScreen_Generation = YES;
				INFOPLIST_KEY_UILaunchStoryboardName = "Launch Screen.storyboard";
				INFOPLIST_KEY_UISupportedInterfaceOrientations = "UIInterfaceOrientationLandscapeLeft UIInterfaceOrientationLandscapeRight UIInterfaceOrientationPortrait";
				INFOPLIST_KEY_UISupportedInterfaceOrientations_iPad = "UIInterfaceOrientationLandscapeLeft UIInterfaceOrientationLandscapeRight UIInterfaceOrientationPortrait UIInterfaceOrientationPortraitUpsideDown";
				IPHONEOS_DEPLOYMENT_TARGET = 15.0;
				LD_RUNPATH_SEARCH_PATHS = (
					"$(inherited)",
					"@executable_path/Frameworks",
				);
				MARKETING_VERSION = 1.02;
				PRODUCT_BUNDLE_IDENTIFIER = "com.marius-genton.bruindining";
				PRODUCT_NAME = "$(TARGET_NAME)";
				SWIFT_EMIT_LOC_STRINGS = YES;
				SWIFT_VERSION = 5.0;
				TARGETED_DEVICE_FAMILY = "1,2";
			};
			name = Debug;
		};
		59A70B7C28F293BF00704C7B /* Release */ = {
			isa = XCBuildConfiguration;
			buildSettings = {
				ALWAYS_EMBED_SWIFT_STANDARD_LIBRARIES = YES;
				ASSETCATALOG_COMPILER_APPICON_NAME = AppIcon;
				ASSETCATALOG_COMPILER_GLOBAL_ACCENT_COLOR_NAME = AccentColor;
				CODE_SIGN_STYLE = Automatic;
				CURRENT_PROJECT_VERSION = 4;
				DEVELOPMENT_ASSET_PATHS = "";
				DEVELOPMENT_TEAM = 4GT2K6EMKF;
				ENABLE_PREVIEWS = YES;
				GENERATE_INFOPLIST_FILE = YES;
				INFOPLIST_FILE = "Bruin-Dining-Info.plist";
				INFOPLIST_KEY_CFBundleDisplayName = BruinDining;
				INFOPLIST_KEY_UIApplicationSceneManifest_Generation = YES;
				INFOPLIST_KEY_UIApplicationSupportsIndirectInputEvents = YES;
				INFOPLIST_KEY_UILaunchScreen_Generation = YES;
				INFOPLIST_KEY_UILaunchStoryboardName = "Launch Screen.storyboard";
				INFOPLIST_KEY_UISupportedInterfaceOrientations = "UIInterfaceOrientationLandscapeLeft UIInterfaceOrientationLandscapeRight UIInterfaceOrientationPortrait";
				INFOPLIST_KEY_UISupportedInterfaceOrientations_iPad = "UIInterfaceOrientationLandscapeLeft UIInterfaceOrientationLandscapeRight UIInterfaceOrientationPortrait UIInterfaceOrientationPortraitUpsideDown";
				IPHONEOS_DEPLOYMENT_TARGET = 15.0;
				LD_RUNPATH_SEARCH_PATHS = (
					"$(inherited)",
					"@executable_path/Frameworks",
				);
				MARKETING_VERSION = 1.02;
				PRODUCT_BUNDLE_IDENTIFIER = "com.marius-genton.bruindining";
				PRODUCT_NAME = "$(TARGET_NAME)";
				SWIFT_EMIT_LOC_STRINGS = YES;
				SWIFT_VERSION = 5.0;
				TARGETED_DEVICE_FAMILY = "1,2";
			};
			name = Release;
		};
		59DAB31C2973920F00744558 /* Debug */ = {
			isa = XCBuildConfiguration;
			buildSettings = {
				ASSETCATALOG_COMPILER_GLOBAL_ACCENT_COLOR_NAME = AccentColor;
				ASSETCATALOG_COMPILER_WIDGET_BACKGROUND_COLOR_NAME = WidgetBackground;
				CODE_SIGN_STYLE = Automatic;
				CURRENT_PROJECT_VERSION = 4;
				DEVELOPMENT_TEAM = 4GT2K6EMKF;
				GENERATE_INFOPLIST_FILE = YES;
				INFOPLIST_FILE = BruinDining_Widget/Info.plist;
				INFOPLIST_KEY_CFBundleDisplayName = BruinDining_Widget;
				INFOPLIST_KEY_NSHumanReadableCopyright = "";
				IPHONEOS_DEPLOYMENT_TARGET = 16.0;
				LD_RUNPATH_SEARCH_PATHS = (
					"$(inherited)",
					"@executable_path/Frameworks",
					"@executable_path/../../Frameworks",
				);
				MARKETING_VERSION = 1.02;
				PRODUCT_BUNDLE_IDENTIFIER = "com.marius-genton.bruindining.BruinDining-Widget";
				PRODUCT_NAME = "$(TARGET_NAME)";
				SKIP_INSTALL = YES;
				SWIFT_EMIT_LOC_STRINGS = YES;
				SWIFT_VERSION = 5.0;
				TARGETED_DEVICE_FAMILY = "1,2";
			};
			name = Debug;
		};
		59DAB31D2973920F00744558 /* Release */ = {
			isa = XCBuildConfiguration;
			buildSettings = {
				ASSETCATALOG_COMPILER_GLOBAL_ACCENT_COLOR_NAME = AccentColor;
				ASSETCATALOG_COMPILER_WIDGET_BACKGROUND_COLOR_NAME = WidgetBackground;
				CODE_SIGN_STYLE = Automatic;
				CURRENT_PROJECT_VERSION = 4;
				DEVELOPMENT_TEAM = 4GT2K6EMKF;
				GENERATE_INFOPLIST_FILE = YES;
				INFOPLIST_FILE = BruinDining_Widget/Info.plist;
				INFOPLIST_KEY_CFBundleDisplayName = BruinDining_Widget;
				INFOPLIST_KEY_NSHumanReadableCopyright = "";
				IPHONEOS_DEPLOYMENT_TARGET = 16.0;
				LD_RUNPATH_SEARCH_PATHS = (
					"$(inherited)",
					"@executable_path/Frameworks",
					"@executable_path/../../Frameworks",
				);
				MARKETING_VERSION = 1.02;
				PRODUCT_BUNDLE_IDENTIFIER = "com.marius-genton.bruindining.BruinDining-Widget";
				PRODUCT_NAME = "$(TARGET_NAME)";
				SKIP_INSTALL = YES;
				SWIFT_EMIT_LOC_STRINGS = YES;
				SWIFT_VERSION = 5.0;
				TARGETED_DEVICE_FAMILY = "1,2";
			};
			name = Release;
		};
/* End XCBuildConfiguration section */

/* Begin XCConfigurationList section */
		59A70B5128F293BE00704C7B /* Build configuration list for PBXProject "Bruin Dining" */ = {
			isa = XCConfigurationList;
			buildConfigurations = (
				59A70B7828F293BF00704C7B /* Debug */,
				59A70B7928F293BF00704C7B /* Release */,
			);
			defaultConfigurationIsVisible = 0;
			defaultConfigurationName = Release;
		};
		59A70B7A28F293BF00704C7B /* Build configuration list for PBXNativeTarget "Bruin Dining" */ = {
			isa = XCConfigurationList;
			buildConfigurations = (
				59A70B7B28F293BF00704C7B /* Debug */,
				59A70B7C28F293BF00704C7B /* Release */,
			);
			defaultConfigurationIsVisible = 0;
			defaultConfigurationName = Release;
		};
		59DAB31B2973920F00744558 /* Build configuration list for PBXNativeTarget "BruinDining_WidgetExtension" */ = {
			isa = XCConfigurationList;
			buildConfigurations = (
				59DAB31C2973920F00744558 /* Debug */,
				59DAB31D2973920F00744558 /* Release */,
			);
			defaultConfigurationIsVisible = 0;
			defaultConfigurationName = Release;
		};
/* End XCConfigurationList section */

/* Begin XCRemoteSwiftPackageReference section */
		59A70BB228F3896400704C7B /* XCRemoteSwiftPackageReference "SwiftSoup" */ = {
			isa = XCRemoteSwiftPackageReference;
			repositoryURL = "https://github.com/scinfu/SwiftSoup.git";
			requirement = {
				kind = upToNextMajorVersion;
				minimumVersion = 2.0.0;
			};
		};
/* End XCRemoteSwiftPackageReference section */

/* Begin XCSwiftPackageProductDependency section */
		59A70BB328F3896400704C7B /* SwiftSoup */ = {
			isa = XCSwiftPackageProductDependency;
			package = 59A70BB228F3896400704C7B /* XCRemoteSwiftPackageReference "SwiftSoup" */;
			productName = SwiftSoup;
		};
		59DAB322297393C900744558 /* SwiftSoup */ = {
			isa = XCSwiftPackageProductDependency;
			package = 59A70BB228F3896400704C7B /* XCRemoteSwiftPackageReference "SwiftSoup" */;
			productName = SwiftSoup;
		};
/* End XCSwiftPackageProductDependency section */
	};
	rootObject = 59A70B4E28F293BE00704C7B /* Project object */;
}
